
Microsoft Visual Studio Solution File, Format Version 12.00
# Visual Studio Version 17
VisualStudioVersion = 17.13.35825.156
MinimumVisualStudioVersion = 10.0.40219.1
Project("{FAE04EC0-301F-11D3-BF4B-00C04F79EFBC}") = "NP 02. TCP Socket Listener", "NP 02. TCP Socket Listener\NP 02. TCP Socket Listener.csproj", "{77B42C9D-6099-464E-B0D9-7D5C2F10C452}"
EndProject
Project("{2150E333-8FDC-42A3-9474-1A3956D46DE8}") = "NP 02", "NP 02", "{02EA681E-C7D8-13C7-8484-4AC65E1B71E8}"
EndProject
Project("{FAE04EC0-301F-11D3-BF4B-00C04F79EFBC}") = "NP 02. TCP Socket Client", "NP 02. TCP Socket Client\NP 02. TCP Socket Client.csproj", "{E7EB7AA1-A8FC-4381-BEB9-6AA975246138}"
EndProject
Project("{2150E333-8FDC-42A3-9474-1A3956D46DE8}") = "TCP Socket", "TCP Socket", "{66BFA08B-C4D9-4EDC-BDD0-11B49B9AE7BD}"
EndProject
Project("{2150E333-8FDC-42A3-9474-1A3956D46DE8}") = "UDP Socket", "UDP Socket", "{FD12CA0B-6828-477F-AE76-A22085098452}"
EndProject
Project("{FAE04EC0-301F-11D3-BF4B-00C04F79EFBC}") = "NP 02. UDP Socket Listener", "NP 02. UDP Socket Listener\NP 02. UDP Socket Listener.csproj", "{F7328325-A8FB-4705-8CF4-162D8878829F}"
EndProject
Project("{FAE04EC0-301F-11D3-BF4B-00C04F79EFBC}") = "NP 02. UDP Socket Client", "NP 02. UDP Socket Client\NP 02. UDP Socket Client.csproj", "{559B825B-C519-4766-B61E-21DE36A54E62}"
EndProject
Project("{2150E333-8FDC-42A3-9474-1A3956D46DE8}") = "UDP Listener Python", "UDP Listener Python", "{6608295F-4EE3-4773-AD17-EB5870DF6E24}"
	ProjectSection(SolutionItems) = preProject
		NP_02._Socket_UDP_Listener_Python.py = NP_02._Socket_UDP_Listener_Python.py
	EndProjectSection
EndProject
Project("{2150E333-8FDC-42A3-9474-1A3956D46DE8}") = "UDP Listener C", "UDP Listener C", "{7E581FD0-DE90-4CB6-B350-F3842903EDBB}"
EndProject
Project("{8BC9CEB8-8B4A-11D0-8D11-00A0C91BC942}") = "NP 02. Socket UDP Listener C", "NP 02. Socket UDP Listener C\NP 02. Socket UDP Listener C.vcxproj", "{D7CF1100-5862-4B87-A387-155462C4AB37}"
EndProject
Global
	GlobalSection(SolutionConfigurationPlatforms) = preSolution
		Debug|Any CPU = Debug|Any CPU
		Debug|x64 = Debug|x64
		Debug|x86 = Debug|x86
		Release|Any CPU = Release|Any CPU
		Release|x64 = Release|x64
		Release|x86 = Release|x86
	EndGlobalSection
	GlobalSection(ProjectConfigurationPlatforms) = postSolution
		{77B42C9D-6099-464E-B0D9-7D5C2F10C452}.Debug|Any CPU.ActiveCfg = Debug|Any CPU
		{77B42C9D-6099-464E-B0D9-7D5C2F10C452}.Debug|Any CPU.Build.0 = Debug|Any CPU
		{77B42C9D-6099-464E-B0D9-7D5C2F10C452}.Debug|x64.ActiveCfg = Debug|Any CPU
		{77B42C9D-6099-464E-B0D9-7D5C2F10C452}.Debug|x64.Build.0 = Debug|Any CPU
		{77B42C9D-6099-464E-B0D9-7D5C2F10C452}.Debug|x86.ActiveCfg = Debug|Any CPU
		{77B42C9D-6099-464E-B0D9-7D5C2F10C452}.Debug|x86.Build.0 = Debug|Any CPU
		{77B42C9D-6099-464E-B0D9-7D5C2F10C452}.Release|Any CPU.ActiveCfg = Release|Any CPU
		{77B42C9D-6099-464E-B0D9-7D5C2F10C452}.Release|Any CPU.Build.0 = Release|Any CPU
		{77B42C9D-6099-464E-B0D9-7D5C2F10C452}.Release|x64.ActiveCfg = Release|Any CPU
		{77B42C9D-6099-464E-B0D9-7D5C2F10C452}.Release|x64.Build.0 = Release|Any CPU
		{77B42C9D-6099-464E-B0D9-7D5C2F10C452}.Release|x86.ActiveCfg = Release|Any CPU
		{77B42C9D-6099-464E-B0D9-7D5C2F10C452}.Release|x86.Build.0 = Release|Any CPU
		{E7EB7AA1-A8FC-4381-BEB9-6AA975246138}.Debug|Any CPU.ActiveCfg = Debug|Any CPU
		{E7EB7AA1-A8FC-4381-BEB9-6AA975246138}.Debug|Any CPU.Build.0 = Debug|Any CPU
		{E7EB7AA1-A8FC-4381-BEB9-6AA975246138}.Debug|x64.ActiveCfg = Debug|Any CPU
		{E7EB7AA1-A8FC-4381-BEB9-6AA975246138}.Debug|x64.Build.0 = Debug|Any CPU
		{E7EB7AA1-A8FC-4381-BEB9-6AA975246138}.Debug|x86.ActiveCfg = Debug|Any CPU
		{E7EB7AA1-A8FC-4381-BEB9-6AA975246138}.Debug|x86.Build.0 = Debug|Any CPU
		{E7EB7AA1-A8FC-4381-BEB9-6AA975246138}.Release|Any CPU.ActiveCfg = Release|Any CPU
		{E7EB7AA1-A8FC-4381-BEB9-6AA975246138}.Release|Any CPU.Build.0 = Release|Any CPU
		{E7EB7AA1-A8FC-4381-BEB9-6AA975246138}.Release|x64.ActiveCfg = Release|Any CPU
		{E7EB7AA1-A8FC-4381-BEB9-6AA975246138}.Release|x64.Build.0 = Release|Any CPU
		{E7EB7AA1-A8FC-4381-BEB9-6AA975246138}.Release|x86.ActiveCfg = Release|Any CPU
		{E7EB7AA1-A8FC-4381-BEB9-6AA975246138}.Release|x86.Build.0 = Release|Any CPU
		{F7328325-A8FB-4705-8CF4-162D8878829F}.Debug|Any CPU.ActiveCfg = Debug|Any CPU
		{F7328325-A8FB-4705-8CF4-162D8878829F}.Debug|Any CPU.Build.0 = Debug|Any CPU
		{F7328325-A8FB-4705-8CF4-162D8878829F}.Debug|x64.ActiveCfg = Debug|Any CPU
		{F7328325-A8FB-4705-8CF4-162D8878829F}.Debug|x64.Build.0 = Debug|Any CPU
		{F7328325-A8FB-4705-8CF4-162D8878829F}.Debug|x86.ActiveCfg = Debug|Any CPU
		{F7328325-A8FB-4705-8CF4-162D8878829F}.Debug|x86.Build.0 = Debug|Any CPU
		{F7328325-A8FB-4705-8CF4-162D8878829F}.Release|Any CPU.ActiveCfg = Release|Any CPU
		{F7328325-A8FB-4705-8CF4-162D8878829F}.Release|Any CPU.Build.0 = Release|Any CPU
		{F7328325-A8FB-4705-8CF4-162D8878829F}.Release|x64.ActiveCfg = Release|Any CPU
		{F7328325-A8FB-4705-8CF4-162D8878829F}.Release|x64.Build.0 = Release|Any CPU
		{F7328325-A8FB-4705-8CF4-162D8878829F}.Release|x86.ActiveCfg = Release|Any CPU
		{F7328325-A8FB-4705-8CF4-162D8878829F}.Release|x86.Build.0 = Release|Any CPU
		{559B825B-C519-4766-B61E-21DE36A54E62}.Debug|Any CPU.ActiveCfg = Debug|Any CPU
		{559B825B-C519-4766-B61E-21DE36A54E62}.Debug|Any CPU.Build.0 = Debug|Any CPU
		{559B825B-C519-4766-B61E-21DE36A54E62}.Debug|x64.ActiveCfg = Debug|Any CPU
		{559B825B-C519-4766-B61E-21DE36A54E62}.Debug|x64.Build.0 = Debug|Any CPU
		{559B825B-C519-4766-B61E-21DE36A54E62}.Debug|x86.ActiveCfg = Debug|Any CPU
		{559B825B-C519-4766-B61E-21DE36A54E62}.Debug|x86.Build.0 = Debug|Any CPU
		{559B825B-C519-4766-B61E-21DE36A54E62}.Release|Any CPU.ActiveCfg = Release|Any CPU
		{559B825B-C519-4766-B61E-21DE36A54E62}.Release|Any CPU.Build.0 = Release|Any CPU
		{559B825B-C519-4766-B61E-21DE36A54E62}.Release|x64.ActiveCfg = Release|Any CPU
		{559B825B-C519-4766-B61E-21DE36A54E62}.Release|x64.Build.0 = Release|Any CPU
		{559B825B-C519-4766-B61E-21DE36A54E62}.Release|x86.ActiveCfg = Release|Any CPU
		{559B825B-C519-4766-B61E-21DE36A54E62}.Release|x86.Build.0 = Release|Any CPU
		{D7CF1100-5862-4B87-A387-155462C4AB37}.Debug|Any CPU.ActiveCfg = Debug|x64
		{D7CF1100-5862-4B87-A387-155462C4AB37}.Debug|Any CPU.Build.0 = Debug|x64
		{D7CF1100-5862-4B87-A387-155462C4AB37}.Debug|x64.ActiveCfg = Debug|x64
		{D7CF1100-5862-4B87-A387-155462C4AB37}.Debug|x64.Build.0 = Debug|x64
		{D7CF1100-5862-4B87-A387-155462C4AB37}.Debug|x86.ActiveCfg = Debug|Win32
		{D7CF1100-5862-4B87-A387-155462C4AB37}.Debug|x86.Build.0 = Debug|Win32
		{D7CF1100-5862-4B87-A387-155462C4AB37}.Release|Any CPU.ActiveCfg = Release|x64
		{D7CF1100-5862-4B87-A387-155462C4AB37}.Release|Any CPU.Build.0 = Release|x64
		{D7CF1100-5862-4B87-A387-155462C4AB37}.Release|x64.ActiveCfg = Release|x64
		{D7CF1100-5862-4B87-A387-155462C4AB37}.Release|x64.Build.0 = Release|x64
		{D7CF1100-5862-4B87-A387-155462C4AB37}.Release|x86.ActiveCfg = Release|Win32
		{D7CF1100-5862-4B87-A387-155462C4AB37}.Release|x86.Build.0 = Release|Win32
	EndGlobalSection
	GlobalSection(SolutionProperties) = preSolution
		HideSolutionNode = FALSE
	EndGlobalSection
	GlobalSection(NestedProjects) = preSolution
		{77B42C9D-6099-464E-B0D9-7D5C2F10C452} = {66BFA08B-C4D9-4EDC-BDD0-11B49B9AE7BD}
		{E7EB7AA1-A8FC-4381-BEB9-6AA975246138} = {66BFA08B-C4D9-4EDC-BDD0-11B49B9AE7BD}
		{66BFA08B-C4D9-4EDC-BDD0-11B49B9AE7BD} = {02EA681E-C7D8-13C7-8484-4AC65E1B71E8}
		{FD12CA0B-6828-477F-AE76-A22085098452} = {02EA681E-C7D8-13C7-8484-4AC65E1B71E8}
		{F7328325-A8FB-4705-8CF4-162D8878829F} = {FD12CA0B-6828-477F-AE76-A22085098452}
		{559B825B-C519-4766-B61E-21DE36A54E62} = {FD12CA0B-6828-477F-AE76-A22085098452}
		{6608295F-4EE3-4773-AD17-EB5870DF6E24} = {02EA681E-C7D8-13C7-8484-4AC65E1B71E8}
		{7E581FD0-DE90-4CB6-B350-F3842903EDBB} = {02EA681E-C7D8-13C7-8484-4AC65E1B71E8}
		{D7CF1100-5862-4B87-A387-155462C4AB37} = {7E581FD0-DE90-4CB6-B350-F3842903EDBB}
	EndGlobalSection
	GlobalSection(ExtensibilityGlobals) = postSolution
		SolutionGuid = {544D8799-F952-4281-889D-F46586D03A82}
	EndGlobalSection
EndGlobal
