
Microsoft Visual Studio Solution File, Format Version 12.00
# Visual Studio Version 17
VisualStudioVersion = 17.13.35825.156
MinimumVisualStudioVersion = 10.0.40219.1
Project("{FAE04EC0-301F-11D3-BF4B-00C04F79EFBC}") = "NP 02. TCP Socket Listener", "NP 02. TCP Socket Listener\NP 02. TCP Socket Listener.csproj", "{77B42C9D-6099-464E-B0D9-7D5C2F10C452}"
EndProject
Project("{2150E333-8FDC-42A3-9474-1A3956D46DE8}") = "NP 02", "NP 02", "{02EA681E-C7D8-13C7-8484-4AC65E1B71E8}"
EndProject
Project("{FAE04EC0-301F-11D3-BF4B-00C04F79EFBC}") = "NP 02. TCP Socket Client", "NP 02. TCP Socket Client\NP 02. TCP Socket Client.csproj", "{E7EB7AA1-A8FC-4381-BEB9-6AA975246138}"
EndProject
Project("{2150E333-8FDC-42A3-9474-1A3956D46DE8}") = "TCP Socket", "TCP Socket", "{66BFA08B-C4D9-4EDC-BDD0-11B49B9AE7BD}"
EndProject
Project("{2150E333-8FDC-42A3-9474-1A3956D46DE8}") = "UDP Socket", "UDP Socket", "{FD12CA0B-6828-477F-AE76-A22085098452}"
EndProject
Project("{FAE04EC0-301F-11D3-BF4B-00C04F79EFBC}") = "NP 02. UDP Socket Listener", "NP 02. UDP Socket Listener\NP 02. UDP Socket Listener.csproj", "{F7328325-A8FB-4705-8CF4-162D8878829F}"
EndProject
Project("{FAE04EC0-301F-11D3-BF4B-00C04F79EFBC}") = "NP 02. UDP Socket Client", "NP 02. UDP Socket Client\NP 02. UDP Socket Client.csproj", "{559B825B-C519-4766-B61E-21DE36A54E62}"
EndProject
Project("{2150E333-8FDC-42A3-9474-1A3956D46DE8}") = "UDP Listener Python", "UDP Listener Python", "{6608295F-4EE3-4773-AD17-EB5870DF6E24}"
	ProjectSection(SolutionItems) = preProject
		NP_02._Socket_UDP_Listener_Python.py = NP_02._Socket_UDP_Listener_Python.py
	EndProjectSection
EndProject
Project("{2150E333-8FDC-42A3-9474-1A3956D46DE8}") = "UDP Listener C", "UDP Listener C", "{7E581FD0-DE90-4CB6-B350-F3842903EDBB}"
EndProject
Project("{8BC9CEB8-8B4A-11D0-8D11-00A0C91BC942}") = "NP 02. Socket UDP Listener C", "NP 02. Socket UDP Listener C\NP 02. Socket UDP Listener C.vcxproj", "{D7CF1100-5862-4B87-A387-155462C4AB37}"
EndProject
Project("{2150E333-8FDC-42A3-9474-1A3956D46DE8}") = "NP 03", "NP 03", "{033C4FB9-4774-4267-A334-9C7318BA2F2B}"
EndProject
Project("{FAE04EC0-301F-11D3-BF4B-00C04F79EFBC}") = "NP 03. TcpClient", "NP 03. TcpClient\NP 03. TcpClient.csproj", "{8B4F4E27-906C-4391-8192-C953BA2A3A52}"
EndProject
Project("{FAE04EC0-301F-11D3-BF4B-00C04F79EFBC}") = "NP 03. TcpListener", "NP 03. TcpListener\NP 03. TcpListener.csproj", "{D0570160-A317-49C6-A245-1E85A855B17E}"
EndProject
Project("{2150E333-8FDC-42A3-9474-1A3956D46DE8}") = "TcpClient, TcpListener", "TcpClient, TcpListener", "{BFAD145C-0213-4B94-A6EE-FAF4B88D09E7}"
EndProject
Project("{2150E333-8FDC-42A3-9474-1A3956D46DE8}") = "UdpClient", "UdpClient", "{C4EAC469-A599-4537-9CDD-372B78619852}"
EndProject
Project("{FAE04EC0-301F-11D3-BF4B-00C04F79EFBC}") = "NP 03. UdpClient Client", "NP 03. UdpClient Client\NP 03. UdpClient Client.csproj", "{CFA16B42-F561-4522-B44D-3939273DA196}"
EndProject
Project("{FAE04EC0-301F-11D3-BF4B-00C04F79EFBC}") = "NP 03. UdpClient Listener", "NP 03. UdpClient Listener\NP 03. UdpClient Listener.csproj", "{69D8F757-D100-4897-B7FA-63AD9C3102CF}"
EndProject
Project("{2150E333-8FDC-42A3-9474-1A3956D46DE8}") = "Task Manager", "Task Manager", "{53B1BEB9-0E45-4281-B7C8-175B564BD302}"
EndProject
Project("{FAE04EC0-301F-11D3-BF4B-00C04F79EFBC}") = "NP 03. TCP Task Manger (server side)", "NP 03. TCP Task Manger (server side)\NP 03. TCP Task Manger (server side).csproj", "{194CCE3D-9ECB-47A5-BCB2-BAB95BBF491C}"
EndProject
Project("{FAE04EC0-301F-11D3-BF4B-00C04F79EFBC}") = "NP 03. TCP Task Manger (client side)", "NP 03. TCP Task Manger (client side)\NP 03. TCP Task Manger (client side).csproj", "{B0BDE561-19D7-4B4A-8E9A-C30641A8C1FA}"
EndProject
Project("{2150E333-8FDC-42A3-9474-1A3956D46DE8}") = "NP 05", "NP 05", "{FDA311CF-7632-4AC9-8E03-171C022B47F8}"
EndProject
Project("{FAE04EC0-301F-11D3-BF4B-00C04F79EFBC}") = "NP 05. HTTP Listener", "NP 05. HTTP Listener\NP 05. HTTP Listener.csproj", "{EC089F82-E80A-47B6-8A9F-27EB1CCA6F44}"
EndProject
Project("{FAE04EC0-301F-11D3-BF4B-00C04F79EFBC}") = "NP 05. HTTP Client", "NP 05. HTTP Client\NP 05. HTTP Client.csproj", "{D001CD17-1539-4C98-B2FE-E80887FA29C1}"
EndProject
Project("{FAE04EC0-301F-11D3-BF4B-00C04F79EFBC}") = "NP 05. HTTP Listener with HTML", "NP 05. HTTP Listener with HTML\NP 05. HTTP Listener with HTML.csproj", "{E5ACD1BD-8BCF-4FFE-9DE6-A4F13292558D}"
EndProject
Project("{2150E333-8FDC-42A3-9474-1A3956D46DE8}") = "NP 06", "NP 06", "{DD786D70-2EA1-4953-B2CA-68C0A67D0F80}"
EndProject
Project("{FAE04EC0-301F-11D3-BF4B-00C04F79EFBC}") = "NP 06. HttpClient with API example", "NP 06. HttpClient with API example\NP 06. HttpClient with API example.csproj", "{ACAC346C-B38D-4B42-9863-B09700B2004C}"
EndProject
Project("{FAE04EC0-301F-11D3-BF4B-00C04F79EFBC}") = "NP 06. Multicast listener", "NP 06. Multicast listener\NP 06. Multicast listener.csproj", "{189AEF28-EF8B-4BED-9F38-1D3865AA45CA}"
EndProject
Project("{FAE04EC0-301F-11D3-BF4B-00C04F79EFBC}") = "NP 06. Multicast client", "NP 06. Multicast client\NP 06. Multicast client.csproj", "{7A807179-62CE-45C1-A603-B2C9A11566D7}"
EndProject
Project("{2150E333-8FDC-42A3-9474-1A3956D46DE8}") = "Multicast", "Multicast", "{D2531333-971B-4089-96E8-B91842591538}"
EndProject
Project("{2150E333-8FDC-42A3-9474-1A3956D46DE8}") = "Broadcast", "Broadcast", "{51532987-34D4-40F9-B3C9-16754C2027B4}"
EndProject
Project("{FAE04EC0-301F-11D3-BF4B-00C04F79EFBC}") = "NP 06. Broadcast client", "NP 06. Broadcast client\NP 06. Broadcast client.csproj", "{086E7E83-356A-4F83-BE9D-00C9DF8C2ACF}"
EndProject
Project("{FAE04EC0-301F-11D3-BF4B-00C04F79EFBC}") = "NP 06. Broadcast listener", "NP 06. Broadcast listener\NP 06. Broadcast listener.csproj", "{5879E3A4-C572-4143-BF33-AED01A175469}"
EndProject
Global
	GlobalSection(SolutionConfigurationPlatforms) = preSolution
		Debug|Any CPU = Debug|Any CPU
		Debug|x64 = Debug|x64
		Debug|x86 = Debug|x86
		Release|Any CPU = Release|Any CPU
		Release|x64 = Release|x64
		Release|x86 = Release|x86
	EndGlobalSection
	GlobalSection(ProjectConfigurationPlatforms) = postSolution
		{77B42C9D-6099-464E-B0D9-7D5C2F10C452}.Debug|Any CPU.ActiveCfg = Debug|Any CPU
		{77B42C9D-6099-464E-B0D9-7D5C2F10C452}.Debug|Any CPU.Build.0 = Debug|Any CPU
		{77B42C9D-6099-464E-B0D9-7D5C2F10C452}.Debug|x64.ActiveCfg = Debug|Any CPU
		{77B42C9D-6099-464E-B0D9-7D5C2F10C452}.Debug|x64.Build.0 = Debug|Any CPU
		{77B42C9D-6099-464E-B0D9-7D5C2F10C452}.Debug|x86.ActiveCfg = Debug|Any CPU
		{77B42C9D-6099-464E-B0D9-7D5C2F10C452}.Debug|x86.Build.0 = Debug|Any CPU
		{77B42C9D-6099-464E-B0D9-7D5C2F10C452}.Release|Any CPU.ActiveCfg = Release|Any CPU
		{77B42C9D-6099-464E-B0D9-7D5C2F10C452}.Release|Any CPU.Build.0 = Release|Any CPU
		{77B42C9D-6099-464E-B0D9-7D5C2F10C452}.Release|x64.ActiveCfg = Release|Any CPU
		{77B42C9D-6099-464E-B0D9-7D5C2F10C452}.Release|x64.Build.0 = Release|Any CPU
		{77B42C9D-6099-464E-B0D9-7D5C2F10C452}.Release|x86.ActiveCfg = Release|Any CPU
		{77B42C9D-6099-464E-B0D9-7D5C2F10C452}.Release|x86.Build.0 = Release|Any CPU
		{E7EB7AA1-A8FC-4381-BEB9-6AA975246138}.Debug|Any CPU.ActiveCfg = Debug|Any CPU
		{E7EB7AA1-A8FC-4381-BEB9-6AA975246138}.Debug|Any CPU.Build.0 = Debug|Any CPU
		{E7EB7AA1-A8FC-4381-BEB9-6AA975246138}.Debug|x64.ActiveCfg = Debug|Any CPU
		{E7EB7AA1-A8FC-4381-BEB9-6AA975246138}.Debug|x64.Build.0 = Debug|Any CPU
		{E7EB7AA1-A8FC-4381-BEB9-6AA975246138}.Debug|x86.ActiveCfg = Debug|Any CPU
		{E7EB7AA1-A8FC-4381-BEB9-6AA975246138}.Debug|x86.Build.0 = Debug|Any CPU
		{E7EB7AA1-A8FC-4381-BEB9-6AA975246138}.Release|Any CPU.ActiveCfg = Release|Any CPU
		{E7EB7AA1-A8FC-4381-BEB9-6AA975246138}.Release|Any CPU.Build.0 = Release|Any CPU
		{E7EB7AA1-A8FC-4381-BEB9-6AA975246138}.Release|x64.ActiveCfg = Release|Any CPU
		{E7EB7AA1-A8FC-4381-BEB9-6AA975246138}.Release|x64.Build.0 = Release|Any CPU
		{E7EB7AA1-A8FC-4381-BEB9-6AA975246138}.Release|x86.ActiveCfg = Release|Any CPU
		{E7EB7AA1-A8FC-4381-BEB9-6AA975246138}.Release|x86.Build.0 = Release|Any CPU
		{F7328325-A8FB-4705-8CF4-162D8878829F}.Debug|Any CPU.ActiveCfg = Debug|Any CPU
		{F7328325-A8FB-4705-8CF4-162D8878829F}.Debug|Any CPU.Build.0 = Debug|Any CPU
		{F7328325-A8FB-4705-8CF4-162D8878829F}.Debug|x64.ActiveCfg = Debug|Any CPU
		{F7328325-A8FB-4705-8CF4-162D8878829F}.Debug|x64.Build.0 = Debug|Any CPU
		{F7328325-A8FB-4705-8CF4-162D8878829F}.Debug|x86.ActiveCfg = Debug|Any CPU
		{F7328325-A8FB-4705-8CF4-162D8878829F}.Debug|x86.Build.0 = Debug|Any CPU
		{F7328325-A8FB-4705-8CF4-162D8878829F}.Release|Any CPU.ActiveCfg = Release|Any CPU
		{F7328325-A8FB-4705-8CF4-162D8878829F}.Release|Any CPU.Build.0 = Release|Any CPU
		{F7328325-A8FB-4705-8CF4-162D8878829F}.Release|x64.ActiveCfg = Release|Any CPU
		{F7328325-A8FB-4705-8CF4-162D8878829F}.Release|x64.Build.0 = Release|Any CPU
		{F7328325-A8FB-4705-8CF4-162D8878829F}.Release|x86.ActiveCfg = Release|Any CPU
		{F7328325-A8FB-4705-8CF4-162D8878829F}.Release|x86.Build.0 = Release|Any CPU
		{559B825B-C519-4766-B61E-21DE36A54E62}.Debug|Any CPU.ActiveCfg = Debug|Any CPU
		{559B825B-C519-4766-B61E-21DE36A54E62}.Debug|Any CPU.Build.0 = Debug|Any CPU
		{559B825B-C519-4766-B61E-21DE36A54E62}.Debug|x64.ActiveCfg = Debug|Any CPU
		{559B825B-C519-4766-B61E-21DE36A54E62}.Debug|x64.Build.0 = Debug|Any CPU
		{559B825B-C519-4766-B61E-21DE36A54E62}.Debug|x86.ActiveCfg = Debug|Any CPU
		{559B825B-C519-4766-B61E-21DE36A54E62}.Debug|x86.Build.0 = Debug|Any CPU
		{559B825B-C519-4766-B61E-21DE36A54E62}.Release|Any CPU.ActiveCfg = Release|Any CPU
		{559B825B-C519-4766-B61E-21DE36A54E62}.Release|Any CPU.Build.0 = Release|Any CPU
		{559B825B-C519-4766-B61E-21DE36A54E62}.Release|x64.ActiveCfg = Release|Any CPU
		{559B825B-C519-4766-B61E-21DE36A54E62}.Release|x64.Build.0 = Release|Any CPU
		{559B825B-C519-4766-B61E-21DE36A54E62}.Release|x86.ActiveCfg = Release|Any CPU
		{559B825B-C519-4766-B61E-21DE36A54E62}.Release|x86.Build.0 = Release|Any CPU
		{D7CF1100-5862-4B87-A387-155462C4AB37}.Debug|Any CPU.ActiveCfg = Debug|x64
		{D7CF1100-5862-4B87-A387-155462C4AB37}.Debug|Any CPU.Build.0 = Debug|x64
		{D7CF1100-5862-4B87-A387-155462C4AB37}.Debug|x64.ActiveCfg = Debug|x64
		{D7CF1100-5862-4B87-A387-155462C4AB37}.Debug|x64.Build.0 = Debug|x64
		{D7CF1100-5862-4B87-A387-155462C4AB37}.Debug|x86.ActiveCfg = Debug|Win32
		{D7CF1100-5862-4B87-A387-155462C4AB37}.Debug|x86.Build.0 = Debug|Win32
		{D7CF1100-5862-4B87-A387-155462C4AB37}.Release|Any CPU.ActiveCfg = Release|x64
		{D7CF1100-5862-4B87-A387-155462C4AB37}.Release|Any CPU.Build.0 = Release|x64
		{D7CF1100-5862-4B87-A387-155462C4AB37}.Release|x64.ActiveCfg = Release|x64
		{D7CF1100-5862-4B87-A387-155462C4AB37}.Release|x64.Build.0 = Release|x64
		{D7CF1100-5862-4B87-A387-155462C4AB37}.Release|x86.ActiveCfg = Release|Win32
		{D7CF1100-5862-4B87-A387-155462C4AB37}.Release|x86.Build.0 = Release|Win32
		{8B4F4E27-906C-4391-8192-C953BA2A3A52}.Debug|Any CPU.ActiveCfg = Debug|Any CPU
		{8B4F4E27-906C-4391-8192-C953BA2A3A52}.Debug|Any CPU.Build.0 = Debug|Any CPU
		{8B4F4E27-906C-4391-8192-C953BA2A3A52}.Debug|x64.ActiveCfg = Debug|Any CPU
		{8B4F4E27-906C-4391-8192-C953BA2A3A52}.Debug|x64.Build.0 = Debug|Any CPU
		{8B4F4E27-906C-4391-8192-C953BA2A3A52}.Debug|x86.ActiveCfg = Debug|Any CPU
		{8B4F4E27-906C-4391-8192-C953BA2A3A52}.Debug|x86.Build.0 = Debug|Any CPU
		{8B4F4E27-906C-4391-8192-C953BA2A3A52}.Release|Any CPU.ActiveCfg = Release|Any CPU
		{8B4F4E27-906C-4391-8192-C953BA2A3A52}.Release|Any CPU.Build.0 = Release|Any CPU
		{8B4F4E27-906C-4391-8192-C953BA2A3A52}.Release|x64.ActiveCfg = Release|Any CPU
		{8B4F4E27-906C-4391-8192-C953BA2A3A52}.Release|x64.Build.0 = Release|Any CPU
		{8B4F4E27-906C-4391-8192-C953BA2A3A52}.Release|x86.ActiveCfg = Release|Any CPU
		{8B4F4E27-906C-4391-8192-C953BA2A3A52}.Release|x86.Build.0 = Release|Any CPU
		{D0570160-A317-49C6-A245-1E85A855B17E}.Debug|Any CPU.ActiveCfg = Debug|Any CPU
		{D0570160-A317-49C6-A245-1E85A855B17E}.Debug|Any CPU.Build.0 = Debug|Any CPU
		{D0570160-A317-49C6-A245-1E85A855B17E}.Debug|x64.ActiveCfg = Debug|Any CPU
		{D0570160-A317-49C6-A245-1E85A855B17E}.Debug|x64.Build.0 = Debug|Any CPU
		{D0570160-A317-49C6-A245-1E85A855B17E}.Debug|x86.ActiveCfg = Debug|Any CPU
		{D0570160-A317-49C6-A245-1E85A855B17E}.Debug|x86.Build.0 = Debug|Any CPU
		{D0570160-A317-49C6-A245-1E85A855B17E}.Release|Any CPU.ActiveCfg = Release|Any CPU
		{D0570160-A317-49C6-A245-1E85A855B17E}.Release|Any CPU.Build.0 = Release|Any CPU
		{D0570160-A317-49C6-A245-1E85A855B17E}.Release|x64.ActiveCfg = Release|Any CPU
		{D0570160-A317-49C6-A245-1E85A855B17E}.Release|x64.Build.0 = Release|Any CPU
		{D0570160-A317-49C6-A245-1E85A855B17E}.Release|x86.ActiveCfg = Release|Any CPU
		{D0570160-A317-49C6-A245-1E85A855B17E}.Release|x86.Build.0 = Release|Any CPU
		{CFA16B42-F561-4522-B44D-3939273DA196}.Debug|Any CPU.ActiveCfg = Debug|Any CPU
		{CFA16B42-F561-4522-B44D-3939273DA196}.Debug|Any CPU.Build.0 = Debug|Any CPU
		{CFA16B42-F561-4522-B44D-3939273DA196}.Debug|x64.ActiveCfg = Debug|Any CPU
		{CFA16B42-F561-4522-B44D-3939273DA196}.Debug|x64.Build.0 = Debug|Any CPU
		{CFA16B42-F561-4522-B44D-3939273DA196}.Debug|x86.ActiveCfg = Debug|Any CPU
		{CFA16B42-F561-4522-B44D-3939273DA196}.Debug|x86.Build.0 = Debug|Any CPU
		{CFA16B42-F561-4522-B44D-3939273DA196}.Release|Any CPU.ActiveCfg = Release|Any CPU
		{CFA16B42-F561-4522-B44D-3939273DA196}.Release|Any CPU.Build.0 = Release|Any CPU
		{CFA16B42-F561-4522-B44D-3939273DA196}.Release|x64.ActiveCfg = Release|Any CPU
		{CFA16B42-F561-4522-B44D-3939273DA196}.Release|x64.Build.0 = Release|Any CPU
		{CFA16B42-F561-4522-B44D-3939273DA196}.Release|x86.ActiveCfg = Release|Any CPU
		{CFA16B42-F561-4522-B44D-3939273DA196}.Release|x86.Build.0 = Release|Any CPU
		{69D8F757-D100-4897-B7FA-63AD9C3102CF}.Debug|Any CPU.ActiveCfg = Debug|Any CPU
		{69D8F757-D100-4897-B7FA-63AD9C3102CF}.Debug|Any CPU.Build.0 = Debug|Any CPU
		{69D8F757-D100-4897-B7FA-63AD9C3102CF}.Debug|x64.ActiveCfg = Debug|Any CPU
		{69D8F757-D100-4897-B7FA-63AD9C3102CF}.Debug|x64.Build.0 = Debug|Any CPU
		{69D8F757-D100-4897-B7FA-63AD9C3102CF}.Debug|x86.ActiveCfg = Debug|Any CPU
		{69D8F757-D100-4897-B7FA-63AD9C3102CF}.Debug|x86.Build.0 = Debug|Any CPU
		{69D8F757-D100-4897-B7FA-63AD9C3102CF}.Release|Any CPU.ActiveCfg = Release|Any CPU
		{69D8F757-D100-4897-B7FA-63AD9C3102CF}.Release|Any CPU.Build.0 = Release|Any CPU
		{69D8F757-D100-4897-B7FA-63AD9C3102CF}.Release|x64.ActiveCfg = Release|Any CPU
		{69D8F757-D100-4897-B7FA-63AD9C3102CF}.Release|x64.Build.0 = Release|Any CPU
		{69D8F757-D100-4897-B7FA-63AD9C3102CF}.Release|x86.ActiveCfg = Release|Any CPU
		{69D8F757-D100-4897-B7FA-63AD9C3102CF}.Release|x86.Build.0 = Release|Any CPU
		{194CCE3D-9ECB-47A5-BCB2-BAB95BBF491C}.Debug|Any CPU.ActiveCfg = Debug|Any CPU
		{194CCE3D-9ECB-47A5-BCB2-BAB95BBF491C}.Debug|Any CPU.Build.0 = Debug|Any CPU
		{194CCE3D-9ECB-47A5-BCB2-BAB95BBF491C}.Debug|x64.ActiveCfg = Debug|Any CPU
		{194CCE3D-9ECB-47A5-BCB2-BAB95BBF491C}.Debug|x64.Build.0 = Debug|Any CPU
		{194CCE3D-9ECB-47A5-BCB2-BAB95BBF491C}.Debug|x86.ActiveCfg = Debug|Any CPU
		{194CCE3D-9ECB-47A5-BCB2-BAB95BBF491C}.Debug|x86.Build.0 = Debug|Any CPU
		{194CCE3D-9ECB-47A5-BCB2-BAB95BBF491C}.Release|Any CPU.ActiveCfg = Release|Any CPU
		{194CCE3D-9ECB-47A5-BCB2-BAB95BBF491C}.Release|Any CPU.Build.0 = Release|Any CPU
		{194CCE3D-9ECB-47A5-BCB2-BAB95BBF491C}.Release|x64.ActiveCfg = Release|Any CPU
		{194CCE3D-9ECB-47A5-BCB2-BAB95BBF491C}.Release|x64.Build.0 = Release|Any CPU
		{194CCE3D-9ECB-47A5-BCB2-BAB95BBF491C}.Release|x86.ActiveCfg = Release|Any CPU
		{194CCE3D-9ECB-47A5-BCB2-BAB95BBF491C}.Release|x86.Build.0 = Release|Any CPU
		{B0BDE561-19D7-4B4A-8E9A-C30641A8C1FA}.Debug|Any CPU.ActiveCfg = Debug|Any CPU
		{B0BDE561-19D7-4B4A-8E9A-C30641A8C1FA}.Debug|Any CPU.Build.0 = Debug|Any CPU
		{B0BDE561-19D7-4B4A-8E9A-C30641A8C1FA}.Debug|x64.ActiveCfg = Debug|Any CPU
		{B0BDE561-19D7-4B4A-8E9A-C30641A8C1FA}.Debug|x64.Build.0 = Debug|Any CPU
		{B0BDE561-19D7-4B4A-8E9A-C30641A8C1FA}.Debug|x86.ActiveCfg = Debug|Any CPU
		{B0BDE561-19D7-4B4A-8E9A-C30641A8C1FA}.Debug|x86.Build.0 = Debug|Any CPU
		{B0BDE561-19D7-4B4A-8E9A-C30641A8C1FA}.Release|Any CPU.ActiveCfg = Release|Any CPU
		{B0BDE561-19D7-4B4A-8E9A-C30641A8C1FA}.Release|Any CPU.Build.0 = Release|Any CPU
		{B0BDE561-19D7-4B4A-8E9A-C30641A8C1FA}.Release|x64.ActiveCfg = Release|Any CPU
		{B0BDE561-19D7-4B4A-8E9A-C30641A8C1FA}.Release|x64.Build.0 = Release|Any CPU
		{B0BDE561-19D7-4B4A-8E9A-C30641A8C1FA}.Release|x86.ActiveCfg = Release|Any CPU
		{B0BDE561-19D7-4B4A-8E9A-C30641A8C1FA}.Release|x86.Build.0 = Release|Any CPU
		{EC089F82-E80A-47B6-8A9F-27EB1CCA6F44}.Debug|Any CPU.ActiveCfg = Debug|Any CPU
		{EC089F82-E80A-47B6-8A9F-27EB1CCA6F44}.Debug|Any CPU.Build.0 = Debug|Any CPU
		{EC089F82-E80A-47B6-8A9F-27EB1CCA6F44}.Debug|x64.ActiveCfg = Debug|Any CPU
		{EC089F82-E80A-47B6-8A9F-27EB1CCA6F44}.Debug|x64.Build.0 = Debug|Any CPU
		{EC089F82-E80A-47B6-8A9F-27EB1CCA6F44}.Debug|x86.ActiveCfg = Debug|Any CPU
		{EC089F82-E80A-47B6-8A9F-27EB1CCA6F44}.Debug|x86.Build.0 = Debug|Any CPU
		{EC089F82-E80A-47B6-8A9F-27EB1CCA6F44}.Release|Any CPU.ActiveCfg = Release|Any CPU
		{EC089F82-E80A-47B6-8A9F-27EB1CCA6F44}.Release|Any CPU.Build.0 = Release|Any CPU
		{EC089F82-E80A-47B6-8A9F-27EB1CCA6F44}.Release|x64.ActiveCfg = Release|Any CPU
		{EC089F82-E80A-47B6-8A9F-27EB1CCA6F44}.Release|x64.Build.0 = Release|Any CPU
		{EC089F82-E80A-47B6-8A9F-27EB1CCA6F44}.Release|x86.ActiveCfg = Release|Any CPU
		{EC089F82-E80A-47B6-8A9F-27EB1CCA6F44}.Release|x86.Build.0 = Release|Any CPU
		{D001CD17-1539-4C98-B2FE-E80887FA29C1}.Debug|Any CPU.ActiveCfg = Debug|Any CPU
		{D001CD17-1539-4C98-B2FE-E80887FA29C1}.Debug|Any CPU.Build.0 = Debug|Any CPU
		{D001CD17-1539-4C98-B2FE-E80887FA29C1}.Debug|x64.ActiveCfg = Debug|Any CPU
		{D001CD17-1539-4C98-B2FE-E80887FA29C1}.Debug|x64.Build.0 = Debug|Any CPU
		{D001CD17-1539-4C98-B2FE-E80887FA29C1}.Debug|x86.ActiveCfg = Debug|Any CPU
		{D001CD17-1539-4C98-B2FE-E80887FA29C1}.Debug|x86.Build.0 = Debug|Any CPU
		{D001CD17-1539-4C98-B2FE-E80887FA29C1}.Release|Any CPU.ActiveCfg = Release|Any CPU
		{D001CD17-1539-4C98-B2FE-E80887FA29C1}.Release|Any CPU.Build.0 = Release|Any CPU
		{D001CD17-1539-4C98-B2FE-E80887FA29C1}.Release|x64.ActiveCfg = Release|Any CPU
		{D001CD17-1539-4C98-B2FE-E80887FA29C1}.Release|x64.Build.0 = Release|Any CPU
		{D001CD17-1539-4C98-B2FE-E80887FA29C1}.Release|x86.ActiveCfg = Release|Any CPU
		{D001CD17-1539-4C98-B2FE-E80887FA29C1}.Release|x86.Build.0 = Release|Any CPU
		{E5ACD1BD-8BCF-4FFE-9DE6-A4F13292558D}.Debug|Any CPU.ActiveCfg = Debug|Any CPU
		{E5ACD1BD-8BCF-4FFE-9DE6-A4F13292558D}.Debug|Any CPU.Build.0 = Debug|Any CPU
		{E5ACD1BD-8BCF-4FFE-9DE6-A4F13292558D}.Debug|x64.ActiveCfg = Debug|Any CPU
		{E5ACD1BD-8BCF-4FFE-9DE6-A4F13292558D}.Debug|x64.Build.0 = Debug|Any CPU
		{E5ACD1BD-8BCF-4FFE-9DE6-A4F13292558D}.Debug|x86.ActiveCfg = Debug|Any CPU
		{E5ACD1BD-8BCF-4FFE-9DE6-A4F13292558D}.Debug|x86.Build.0 = Debug|Any CPU
		{E5ACD1BD-8BCF-4FFE-9DE6-A4F13292558D}.Release|Any CPU.ActiveCfg = Release|Any CPU
		{E5ACD1BD-8BCF-4FFE-9DE6-A4F13292558D}.Release|Any CPU.Build.0 = Release|Any CPU
		{E5ACD1BD-8BCF-4FFE-9DE6-A4F13292558D}.Release|x64.ActiveCfg = Release|Any CPU
		{E5ACD1BD-8BCF-4FFE-9DE6-A4F13292558D}.Release|x64.Build.0 = Release|Any CPU
		{E5ACD1BD-8BCF-4FFE-9DE6-A4F13292558D}.Release|x86.ActiveCfg = Release|Any CPU
		{E5ACD1BD-8BCF-4FFE-9DE6-A4F13292558D}.Release|x86.Build.0 = Release|Any CPU
		{ACAC346C-B38D-4B42-9863-B09700B2004C}.Debug|Any CPU.ActiveCfg = Debug|Any CPU
		{ACAC346C-B38D-4B42-9863-B09700B2004C}.Debug|Any CPU.Build.0 = Debug|Any CPU
		{ACAC346C-B38D-4B42-9863-B09700B2004C}.Debug|x64.ActiveCfg = Debug|Any CPU
		{ACAC346C-B38D-4B42-9863-B09700B2004C}.Debug|x64.Build.0 = Debug|Any CPU
		{ACAC346C-B38D-4B42-9863-B09700B2004C}.Debug|x86.ActiveCfg = Debug|Any CPU
		{ACAC346C-B38D-4B42-9863-B09700B2004C}.Debug|x86.Build.0 = Debug|Any CPU
		{ACAC346C-B38D-4B42-9863-B09700B2004C}.Release|Any CPU.ActiveCfg = Release|Any CPU
		{ACAC346C-B38D-4B42-9863-B09700B2004C}.Release|Any CPU.Build.0 = Release|Any CPU
		{ACAC346C-B38D-4B42-9863-B09700B2004C}.Release|x64.ActiveCfg = Release|Any CPU
		{ACAC346C-B38D-4B42-9863-B09700B2004C}.Release|x64.Build.0 = Release|Any CPU
		{ACAC346C-B38D-4B42-9863-B09700B2004C}.Release|x86.ActiveCfg = Release|Any CPU
		{ACAC346C-B38D-4B42-9863-B09700B2004C}.Release|x86.Build.0 = Release|Any CPU
		{189AEF28-EF8B-4BED-9F38-1D3865AA45CA}.Debug|Any CPU.ActiveCfg = Debug|Any CPU
		{189AEF28-EF8B-4BED-9F38-1D3865AA45CA}.Debug|Any CPU.Build.0 = Debug|Any CPU
		{189AEF28-EF8B-4BED-9F38-1D3865AA45CA}.Debug|x64.ActiveCfg = Debug|Any CPU
		{189AEF28-EF8B-4BED-9F38-1D3865AA45CA}.Debug|x64.Build.0 = Debug|Any CPU
		{189AEF28-EF8B-4BED-9F38-1D3865AA45CA}.Debug|x86.ActiveCfg = Debug|Any CPU
		{189AEF28-EF8B-4BED-9F38-1D3865AA45CA}.Debug|x86.Build.0 = Debug|Any CPU
		{189AEF28-EF8B-4BED-9F38-1D3865AA45CA}.Release|Any CPU.ActiveCfg = Release|Any CPU
		{189AEF28-EF8B-4BED-9F38-1D3865AA45CA}.Release|Any CPU.Build.0 = Release|Any CPU
		{189AEF28-EF8B-4BED-9F38-1D3865AA45CA}.Release|x64.ActiveCfg = Release|Any CPU
		{189AEF28-EF8B-4BED-9F38-1D3865AA45CA}.Release|x64.Build.0 = Release|Any CPU
		{189AEF28-EF8B-4BED-9F38-1D3865AA45CA}.Release|x86.ActiveCfg = Release|Any CPU
		{189AEF28-EF8B-4BED-9F38-1D3865AA45CA}.Release|x86.Build.0 = Release|Any CPU
		{7A807179-62CE-45C1-A603-B2C9A11566D7}.Debug|Any CPU.ActiveCfg = Debug|Any CPU
		{7A807179-62CE-45C1-A603-B2C9A11566D7}.Debug|Any CPU.Build.0 = Debug|Any CPU
		{7A807179-62CE-45C1-A603-B2C9A11566D7}.Debug|x64.ActiveCfg = Debug|Any CPU
		{7A807179-62CE-45C1-A603-B2C9A11566D7}.Debug|x64.Build.0 = Debug|Any CPU
		{7A807179-62CE-45C1-A603-B2C9A11566D7}.Debug|x86.ActiveCfg = Debug|Any CPU
		{7A807179-62CE-45C1-A603-B2C9A11566D7}.Debug|x86.Build.0 = Debug|Any CPU
		{7A807179-62CE-45C1-A603-B2C9A11566D7}.Release|Any CPU.ActiveCfg = Release|Any CPU
		{7A807179-62CE-45C1-A603-B2C9A11566D7}.Release|Any CPU.Build.0 = Release|Any CPU
		{7A807179-62CE-45C1-A603-B2C9A11566D7}.Release|x64.ActiveCfg = Release|Any CPU
		{7A807179-62CE-45C1-A603-B2C9A11566D7}.Release|x64.Build.0 = Release|Any CPU
		{7A807179-62CE-45C1-A603-B2C9A11566D7}.Release|x86.ActiveCfg = Release|Any CPU
		{7A807179-62CE-45C1-A603-B2C9A11566D7}.Release|x86.Build.0 = Release|Any CPU
		{086E7E83-356A-4F83-BE9D-00C9DF8C2ACF}.Debug|Any CPU.ActiveCfg = Debug|Any CPU
		{086E7E83-356A-4F83-BE9D-00C9DF8C2ACF}.Debug|Any CPU.Build.0 = Debug|Any CPU
		{086E7E83-356A-4F83-BE9D-00C9DF8C2ACF}.Debug|x64.ActiveCfg = Debug|Any CPU
		{086E7E83-356A-4F83-BE9D-00C9DF8C2ACF}.Debug|x64.Build.0 = Debug|Any CPU
		{086E7E83-356A-4F83-BE9D-00C9DF8C2ACF}.Debug|x86.ActiveCfg = Debug|Any CPU
		{086E7E83-356A-4F83-BE9D-00C9DF8C2ACF}.Debug|x86.Build.0 = Debug|Any CPU
		{086E7E83-356A-4F83-BE9D-00C9DF8C2ACF}.Release|Any CPU.ActiveCfg = Release|Any CPU
		{086E7E83-356A-4F83-BE9D-00C9DF8C2ACF}.Release|Any CPU.Build.0 = Release|Any CPU
		{086E7E83-356A-4F83-BE9D-00C9DF8C2ACF}.Release|x64.ActiveCfg = Release|Any CPU
		{086E7E83-356A-4F83-BE9D-00C9DF8C2ACF}.Release|x64.Build.0 = Release|Any CPU
		{086E7E83-356A-4F83-BE9D-00C9DF8C2ACF}.Release|x86.ActiveCfg = Release|Any CPU
		{086E7E83-356A-4F83-BE9D-00C9DF8C2ACF}.Release|x86.Build.0 = Release|Any CPU
		{5879E3A4-C572-4143-BF33-AED01A175469}.Debug|Any CPU.ActiveCfg = Debug|Any CPU
		{5879E3A4-C572-4143-BF33-AED01A175469}.Debug|Any CPU.Build.0 = Debug|Any CPU
		{5879E3A4-C572-4143-BF33-AED01A175469}.Debug|x64.ActiveCfg = Debug|Any CPU
		{5879E3A4-C572-4143-BF33-AED01A175469}.Debug|x64.Build.0 = Debug|Any CPU
		{5879E3A4-C572-4143-BF33-AED01A175469}.Debug|x86.ActiveCfg = Debug|Any CPU
		{5879E3A4-C572-4143-BF33-AED01A175469}.Debug|x86.Build.0 = Debug|Any CPU
		{5879E3A4-C572-4143-BF33-AED01A175469}.Release|Any CPU.ActiveCfg = Release|Any CPU
		{5879E3A4-C572-4143-BF33-AED01A175469}.Release|Any CPU.Build.0 = Release|Any CPU
		{5879E3A4-C572-4143-BF33-AED01A175469}.Release|x64.ActiveCfg = Release|Any CPU
		{5879E3A4-C572-4143-BF33-AED01A175469}.Release|x64.Build.0 = Release|Any CPU
		{5879E3A4-C572-4143-BF33-AED01A175469}.Release|x86.ActiveCfg = Release|Any CPU
		{5879E3A4-C572-4143-BF33-AED01A175469}.Release|x86.Build.0 = Release|Any CPU
	EndGlobalSection
	GlobalSection(SolutionProperties) = preSolution
		HideSolutionNode = FALSE
	EndGlobalSection
	GlobalSection(NestedProjects) = preSolution
		{77B42C9D-6099-464E-B0D9-7D5C2F10C452} = {66BFA08B-C4D9-4EDC-BDD0-11B49B9AE7BD}
		{E7EB7AA1-A8FC-4381-BEB9-6AA975246138} = {66BFA08B-C4D9-4EDC-BDD0-11B49B9AE7BD}
		{66BFA08B-C4D9-4EDC-BDD0-11B49B9AE7BD} = {02EA681E-C7D8-13C7-8484-4AC65E1B71E8}
		{FD12CA0B-6828-477F-AE76-A22085098452} = {02EA681E-C7D8-13C7-8484-4AC65E1B71E8}
		{F7328325-A8FB-4705-8CF4-162D8878829F} = {FD12CA0B-6828-477F-AE76-A22085098452}
		{559B825B-C519-4766-B61E-21DE36A54E62} = {FD12CA0B-6828-477F-AE76-A22085098452}
		{6608295F-4EE3-4773-AD17-EB5870DF6E24} = {02EA681E-C7D8-13C7-8484-4AC65E1B71E8}
		{7E581FD0-DE90-4CB6-B350-F3842903EDBB} = {02EA681E-C7D8-13C7-8484-4AC65E1B71E8}
		{D7CF1100-5862-4B87-A387-155462C4AB37} = {7E581FD0-DE90-4CB6-B350-F3842903EDBB}
		{8B4F4E27-906C-4391-8192-C953BA2A3A52} = {BFAD145C-0213-4B94-A6EE-FAF4B88D09E7}
		{D0570160-A317-49C6-A245-1E85A855B17E} = {BFAD145C-0213-4B94-A6EE-FAF4B88D09E7}
		{BFAD145C-0213-4B94-A6EE-FAF4B88D09E7} = {033C4FB9-4774-4267-A334-9C7318BA2F2B}
		{C4EAC469-A599-4537-9CDD-372B78619852} = {033C4FB9-4774-4267-A334-9C7318BA2F2B}
		{CFA16B42-F561-4522-B44D-3939273DA196} = {C4EAC469-A599-4537-9CDD-372B78619852}
		{69D8F757-D100-4897-B7FA-63AD9C3102CF} = {C4EAC469-A599-4537-9CDD-372B78619852}
		{53B1BEB9-0E45-4281-B7C8-175B564BD302} = {033C4FB9-4774-4267-A334-9C7318BA2F2B}
		{194CCE3D-9ECB-47A5-BCB2-BAB95BBF491C} = {53B1BEB9-0E45-4281-B7C8-175B564BD302}
		{B0BDE561-19D7-4B4A-8E9A-C30641A8C1FA} = {53B1BEB9-0E45-4281-B7C8-175B564BD302}
		{EC089F82-E80A-47B6-8A9F-27EB1CCA6F44} = {FDA311CF-7632-4AC9-8E03-171C022B47F8}
		{D001CD17-1539-4C98-B2FE-E80887FA29C1} = {FDA311CF-7632-4AC9-8E03-171C022B47F8}
		{E5ACD1BD-8BCF-4FFE-9DE6-A4F13292558D} = {FDA311CF-7632-4AC9-8E03-171C022B47F8}
		{ACAC346C-B38D-4B42-9863-B09700B2004C} = {DD786D70-2EA1-4953-B2CA-68C0A67D0F80}
		{189AEF28-EF8B-4BED-9F38-1D3865AA45CA} = {D2531333-971B-4089-96E8-B91842591538}
		{7A807179-62CE-45C1-A603-B2C9A11566D7} = {D2531333-971B-4089-96E8-B91842591538}
		{D2531333-971B-4089-96E8-B91842591538} = {DD786D70-2EA1-4953-B2CA-68C0A67D0F80}
		{51532987-34D4-40F9-B3C9-16754C2027B4} = {DD786D70-2EA1-4953-B2CA-68C0A67D0F80}
		{086E7E83-356A-4F83-BE9D-00C9DF8C2ACF} = {51532987-34D4-40F9-B3C9-16754C2027B4}
		{5879E3A4-C572-4143-BF33-AED01A175469} = {51532987-34D4-40F9-B3C9-16754C2027B4}
	EndGlobalSection
	GlobalSection(ExtensibilityGlobals) = postSolution
		SolutionGuid = {544D8799-F952-4281-889D-F46586D03A82}
	EndGlobalSection
EndGlobal
